{
  "requires": true,
  "lockfileVersion": 1,
  "dependencies": {
    "axios": {
      "version": "0.19.2",
      "resolved": "https://registry.npmjs.org/axios/-/axios-0.19.2.tgz",
      "integrity": "sha512-fjgm5MvRHLhx+osE2xoekY70AhARk3a6hkN+3Io1jc00jtquGvxYlKlsFUhmUET0V5te6CcZI7lcv2Ym61mjHA==",
      "requires": {
        "follow-redirects": "1.5.10"
      }
    },
    "blueimp-gallery": {
      "version": "2.37.0",
      "resolved": "https://registry.npmjs.org/blueimp-gallery/-/blueimp-gallery-2.37.0.tgz",
      "integrity": "sha512-OEqp14f/4dNvP5l4g3VCfobnbzgq6d5Ddd7GQ0pHu30sBRY2oljKdK6rZE67nPWcWuNREyW4pww3bpT99NIftQ=="
    },
    "core-js": {
      "version": "3.6.4",
      "resolved": "https://registry.npmjs.org/core-js/-/core-js-3.6.4.tgz",
      "integrity": "sha512-4paDGScNgZP2IXXilaffL9X7968RuvwlkK3xWtZRVqgd8SYNiVKRJvkFd1aqqEuPfN7E68ZHEp9hDj6lHj4Hyw=="
    },
    "debug": {
      "version": "3.1.0",
      "resolved": "https://registry.npmjs.org/debug/-/debug-3.1.0.tgz",
      "integrity": "sha512-OX8XqP7/1a9cqkxYw2yXss15f26NKWBpDXQd0/uK/KPqdQhxbPa994hnzjcE2VqQpDslf55723cKPUOGSmMY3g==",
      "requires": {
        "ms": "2.0.0"
      }
    },
    "follow-redirects": {
      "version": "1.5.10",
      "resolved": "https://registry.npmjs.org/follow-redirects/-/follow-redirects-1.5.10.tgz",
      "integrity": "sha512-0V5l4Cizzvqt5D44aTXbFZz+FtyXV1vrDN6qrelxtfYQKW0KO0W2T/hkE8xvGa/540LkZlkaUjO4ailYTFtHVQ==",
      "requires": {
        "debug": "=3.1.0"
      }
    },
    "intersection-observer": {
      "version": "0.7.0",
      "resolved": "https://registry.npmjs.org/intersection-observer/-/intersection-observer-0.7.0.tgz",
      "integrity": "sha512-Id0Fij0HsB/vKWGeBe9PxeY45ttRiBmhFyyt/geBdDHBYNctMRTE3dC1U3ujzz3lap+hVXlEcVaB56kZP/eEUg=="
    },
    "ms": {
      "version": "2.0.0",
      "resolved": "https://registry.npmjs.org/ms/-/ms-2.0.0.tgz",
      "integrity": "sha1-VgiurfwAvmwpAd9fmGF4jeDVl8g="
    },
    "opencollective-postinstall": {
      "version": "2.0.2",
      "resolved": "https://registry.npmjs.org/opencollective-postinstall/-/opencollective-postinstall-2.0.2.tgz",
      "integrity": "sha512-pVOEP16TrAO2/fjej1IdOyupJY8KDUM1CvsaScRbw6oddvpQoOfGk4ywha0HKKVAD6RkW4x6Q+tNBwhf3Bgpuw=="
    },
    "splitting": {
      "version": "1.0.6",
      "resolved": "https://registry.npmjs.org/splitting/-/splitting-1.0.6.tgz",
      "integrity": "sha512-2hYicS/hTy1MgjTi4ST6B298uoLSx854VfTf0FeMmCeE6OiZjEixTOGPLqnNzSaM/y3jwoEYj5pmDzYFwRInPw=="
    },
    "vue": {
      "version": "2.6.11",
      "resolved": "https://registry.npmjs.org/vue/-/vue-2.6.11.tgz",
      "integrity": "sha512-VfPwgcGABbGAue9+sfrD4PuwFar7gPb1yl1UK1MwXoQPAw0BKSqWfoYCT/ThFrdEVWoI51dBuyCoiNU9bZDZxQ=="
    },
    "vue-gallery": {
      "version": "2.0.1",
      "resolved": "https://registry.npmjs.org/vue-gallery/-/vue-gallery-2.0.1.tgz",
      "integrity": "sha512-e6PADJlb4tcrPP7rmkYHDZI7KeDW//CIYRt7ZtcEvbc9eg0msyW/s9K+ZIWzSUyujnhKroePq/wQuh6BvXbxLA==",
      "requires": {
        "blueimp-gallery": "^2.33.0",
        "opencollective-postinstall": "^2.0.2"
      }
    },
    "vue-scroll-loader": {
      "version": "2.2.0",
      "resolved": "https://registry.npmjs.org/vue-scroll-loader/-/vue-scroll-loader-2.2.0.tgz",
      "integrity": "sha512-o5hO+YGteqOuIUzau7zeZd6emUyq8tnxbXqQyEauVAZPMCkPfwMc1VmEbhT+mQqHQXS0myyxheMNZKNx6+yFGA==",
      "requires": {
        "axios": "^0.19.2",
        "core-js": "^3.6.4",
        "intersection-observer": "^0.7.0",
        "vue": "^2.6.11"
      }
    },
    "vue-silentbox": {
      "version": "2.0.0",
      "resolved": "https://registry.npmjs.org/vue-silentbox/-/vue-silentbox-2.0.0.tgz",
      "integrity": "sha512-KlgalvpHhYWcgZvR4gxmLv/cXCGtDqLfcl6pWDGHgBVVv/ceK2OhHI8Ix2fTpg0LI6ti2hPpZj0J8elsu4BOwA=="
    }
  }
}
